Microsoft Visual Studio Solution File, Format Version 12.00
# Visual Studio 2012
Project("{C5A7EDEB-8AC3-3492-414F-9EA328A992CD}") = "voxelgon", "Assembly-CSharp-firstpass.csproj", "{81B335F3-4D4D-176C-10B5-CB2ABB30072E}"
EndProject
Project("{C5A7EDEB-8AC3-3492-414F-9EA328A992CD}") = "voxelgon", "Assembly-CSharp.csproj", "{700E4893-274B-CDB7-05E8-2DA3024C6EDA}"
EndProject
Project("{C5A7EDEB-8AC3-3492-414F-9EA328A992CD}") = "voxelgon", "Assembly-CSharp-Editor-firstpass.csproj", "{E4D21D88-3A42-4BD7-3BF1-55CC5D0DA095}"
EndProject
Global
	GlobalSection(SolutionConfigurationPlatforms) = preSolution
		Debug|Any CPU = Debug|Any CPU
		Release|Any CPU = Release|Any CPU
	EndGlobalSection
	GlobalSection(ProjectConfigurationPlatforms) = postSolution
		{81B335F3-4D4D-176C-10B5-CB2ABB30072E}.Debug|Any CPU.ActiveCfg = Debug|Any CPU
		{81B335F3-4D4D-176C-10B5-CB2ABB30072E}.Debug|Any CPU.Build.0 = Debug|Any CPU
		{81B335F3-4D4D-176C-10B5-CB2ABB30072E}.Release|Any CPU.ActiveCfg = Release|Any CPU
		{81B335F3-4D4D-176C-10B5-CB2ABB30072E}.Release|Any CPU.Build.0 = Release|Any CPU
		{700E4893-274B-CDB7-05E8-2DA3024C6EDA}.Debug|Any CPU.ActiveCfg = Debug|Any CPU
		{700E4893-274B-CDB7-05E8-2DA3024C6EDA}.Debug|Any CPU.Build.0 = Debug|Any CPU
		{700E4893-274B-CDB7-05E8-2DA3024C6EDA}.Release|Any CPU.ActiveCfg = Release|Any CPU
		{700E4893-274B-CDB7-05E8-2DA3024C6EDA}.Release|Any CPU.Build.0 = Release|Any CPU
		{E4D21D88-3A42-4BD7-3BF1-55CC5D0DA095}.Debug|Any CPU.ActiveCfg = Debug|Any CPU
		{E4D21D88-3A42-4BD7-3BF1-55CC5D0DA095}.Debug|Any CPU.Build.0 = Debug|Any CPU
		{E4D21D88-3A42-4BD7-3BF1-55CC5D0DA095}.Release|Any CPU.ActiveCfg = Release|Any CPU
		{E4D21D88-3A42-4BD7-3BF1-55CC5D0DA095}.Release|Any CPU.Build.0 = Release|Any CPU
	EndGlobalSection
EndGlobal
